PODS:
  - BluesnapSDK (1.5.1)

DEPENDENCIES:
  - BluesnapSDK (from `https://github.com/bluesnap/bluesnap-ios-int`, tag `1.5.1`)

EXTERNAL SOURCES:
  BluesnapSDK:
    :git: https://github.com/bluesnap/bluesnap-ios-int
    :tag: 1.5.1

CHECKOUT OPTIONS:
  BluesnapSDK:
    :git: https://github.com/bluesnap/bluesnap-ios-int
    :tag: 1.5.1

SPEC CHECKSUMS:
  BluesnapSDK: a7908df578fe02a9f9fa8ba114bcee067bb2471e

PODFILE CHECKSUM: 1c4711b2adae4cb81b640b6605355a4fe083ba3a

COCOAPODS: 1.14.2
