PODS:
  - Alamofire (5.8.1)
  - BluesnapSDK (2.0.3)
  - lottie-ios (4.3.4)

DEPENDENCIES:
  - Alamofire
  - BluesnapSDK (from `https://github.com/bluesnap/bluesnap-ios`, tag `v2.0.3`)
  - lottie-ios

SPEC REPOS:
  https://github.com/CocoaPods/Specs.git:
    - Alamofire
    - lottie-ios

EXTERNAL SOURCES:
  BluesnapSDK:
    :git: https://github.com/bluesnap/bluesnap-ios
    :tag: v2.0.3

CHECKOUT OPTIONS:
  BluesnapSDK:
    :git: https://github.com/bluesnap/bluesnap-ios
    :tag: v2.0.3

SPEC CHECKSUMS:
  Alamofire: 3ca42e259043ee0dc5c0cdd76c4bc568b8e42af7
  BluesnapSDK: 72286a96ef28cd502b98e1768a4a9012099f6d22
  lottie-ios: 3d98679b41fa6fd6aff2352b3953dbd3df8a397e

PODFILE CHECKSUM: be6630695fead93e93fc9cbe20c988b4713ca85f

COCOAPODS: 1.14.2
